
Microsoft Visual Studio Solution File, Format Version 12.00
# Visual Studio Version 17
VisualStudioVersion = 17.8.34511.84
MinimumVisualStudioVersion = 10.0.40219.1
Project("{9A19103F-16F7-4668-BE54-9A1E7A4F7556}") = "GaB_VendingService", "GaB_VendingService\GaB_VendingService.csproj", "{0BE95889-25EB-4AA5-8102-60DF2287B9BB}"
EndProject
Project("{E53339B2-1760-4266-BCC7-CA923CBCF16C}") = "docker-compose", "docker-compose\docker-compose.dcproj", "{3862B691-9D45-4757-A8F6-D9768684C320}"
EndProject
Global
	GlobalSection(SolutionConfigurationPlatforms) = preSolution
		Debug|Any CPU = Debug|Any CPU
		Release|Any CPU = Release|Any CPU
	EndGlobalSection
	GlobalSection(ProjectConfigurationPlatforms) = postSolution
		{0BE95889-25EB-4AA5-8102-60DF2287B9BB}.Debug|Any CPU.ActiveCfg = Debug|Any CPU
		{0BE95889-25EB-4AA5-8102-60DF2287B9BB}.Debug|Any CPU.Build.0 = Debug|Any CPU
		{0BE95889-25EB-4AA5-8102-60DF2287B9BB}.Release|Any CPU.ActiveCfg = Release|Any CPU
		{0BE95889-25EB-4AA5-8102-60DF2287B9BB}.Release|Any CPU.Build.0 = Release|Any CPU
		{3862B691-9D45-4757-A8F6-D9768684C320}.Debug|Any CPU.ActiveCfg = Debug|Any CPU
		{3862B691-9D45-4757-A8F6-D9768684C320}.Debug|Any CPU.Build.0 = Debug|Any CPU
		{3862B691-9D45-4757-A8F6-D9768684C320}.Release|Any CPU.ActiveCfg = Release|Any CPU
		{3862B691-9D45-4757-A8F6-D9768684C320}.Release|Any CPU.Build.0 = Release|Any CPU
	EndGlobalSection
	GlobalSection(SolutionProperties) = preSolution
		HideSolutionNode = FALSE
	EndGlobalSection
	GlobalSection(ExtensibilityGlobals) = postSolution
		SolutionGuid = {0F2C43D3-5C51-4F96-A23F-97EADA70DB3C}
	EndGlobalSection
EndGlobal
